
Microsoft Visual Studio Solution File, Format Version 12.00
# Visual Studio Version 17
VisualStudioVersion = 17.1.32328.378
MinimumVisualStudioVersion = 10.0.40219.1
Project("{FAE04EC0-301F-11D3-BF4B-00C04F79EFBC}") = "RestauranteAPI", "RestauranteAPI\RestauranteAPI.csproj", "{EBE6A7D1-2E77-462F-AE02-C5A6750FB343}"
EndProject
Global
	GlobalSection(SolutionConfigurationPlatforms) = preSolution
		Debug|Any CPU = Debug|Any CPU
		Release|Any CPU = Release|Any CPU
	EndGlobalSection
	GlobalSection(ProjectConfigurationPlatforms) = postSolution
		{EBE6A7D1-2E77-462F-AE02-C5A6750FB343}.Debug|Any CPU.ActiveCfg = Debug|Any CPU
		{EBE6A7D1-2E77-462F-AE02-C5A6750FB343}.Debug|Any CPU.Build.0 = Debug|Any CPU
		{EBE6A7D1-2E77-462F-AE02-C5A6750FB343}.Release|Any CPU.ActiveCfg = Release|Any CPU
		{EBE6A7D1-2E77-462F-AE02-C5A6750FB343}.Release|Any CPU.Build.0 = Release|Any CPU
	EndGlobalSection
	GlobalSection(SolutionProperties) = preSolution
		HideSolutionNode = FALSE
	EndGlobalSection
	GlobalSection(ExtensibilityGlobals) = postSolution
		SolutionGuid = {1D7F12DD-F5C7-4401-9AFD-5709F05D8A8E}
	EndGlobalSection
EndGlobal
